# THIS IS AN AUTOGENERATED FILE. DO NOT EDIT THIS FILE DIRECTLY.
# yarn lockfile v1


"@vivliostyle/theme-slide@^0.3.0":
  version "0.3.0"
  resolved "https://registry.yarnpkg.com/@vivliostyle/theme-slide/-/theme-slide-0.3.0.tgz#abf50b2618cafd0c3748df5eb9bf07edda522899"
  integrity sha512-QF+pURqQeSIWrxxq/2gqX/waxmRzk4g7tfXOShbumEaby8j2xpVW87m8h44W+wTxMwUuZ4C/5fVVJqFeAObGbQ==
